
Microsoft Visual Studio Solution File, Format Version 12.00
# Visual Studio Version 17
VisualStudioVersion = 17.9.34723.18
MinimumVisualStudioVersion = 10.0.40219.1
Project("{FAE04EC0-301F-11D3-BF4B-00C04F79EFBC}") = "WebApp", "WebApp\WebApp.csproj", "{5E6F5DB5-781C-4221-BE4F-4159E59F1EB5}"
EndProject
Project("{FAE04EC0-301F-11D3-BF4B-00C04F79EFBC}") = "Infrastructure", "Infrastructure\Infrastructure.csproj", "{AE6B72FB-DA4D-4703-BA64-535E20E7C081}"
EndProject
Global
	GlobalSection(SolutionConfigurationPlatforms) = preSolution
		Debug|Any CPU = Debug|Any CPU
		Release|Any CPU = Release|Any CPU
	EndGlobalSection
	GlobalSection(ProjectConfigurationPlatforms) = postSolution
		{5E6F5DB5-781C-4221-BE4F-4159E59F1EB5}.Debug|Any CPU.ActiveCfg = Debug|Any CPU
		{5E6F5DB5-781C-4221-BE4F-4159E59F1EB5}.Debug|Any CPU.Build.0 = Debug|Any CPU
		{5E6F5DB5-781C-4221-BE4F-4159E59F1EB5}.Release|Any CPU.ActiveCfg = Release|Any CPU
		{5E6F5DB5-781C-4221-BE4F-4159E59F1EB5}.Release|Any CPU.Build.0 = Release|Any CPU
		{AE6B72FB-DA4D-4703-BA64-535E20E7C081}.Debug|Any CPU.ActiveCfg = Debug|Any CPU
		{AE6B72FB-DA4D-4703-BA64-535E20E7C081}.Debug|Any CPU.Build.0 = Debug|Any CPU
		{AE6B72FB-DA4D-4703-BA64-535E20E7C081}.Release|Any CPU.ActiveCfg = Release|Any CPU
		{AE6B72FB-DA4D-4703-BA64-535E20E7C081}.Release|Any CPU.Build.0 = Release|Any CPU
	EndGlobalSection
	GlobalSection(SolutionProperties) = preSolution
		HideSolutionNode = FALSE
	EndGlobalSection
	GlobalSection(ExtensibilityGlobals) = postSolution
		SolutionGuid = {2048BA7E-9B25-4A6D-B203-F543A36B242D}
	EndGlobalSection
EndGlobal
